{
  "name": "assets",
  "lockfileVersion": 3,
  "requires": true,
  "packages": {
    "": {
      "dependencies": {
        "@sentry/browser": "^10.54.0",
        "posthog-js": "^1.390.2",
        "tailwindcss": "^4.3.0",
        "zod": "^4.4.3"
      }
    },
    "node_modules/@posthog/core": {
      "version": "1.35.1",
      "resolved": "https://registry.npmjs.org/@posthog/core/-/core-1.35.1.tgz",
      "integrity": "sha512-2a9JgJgR+Ow8lrUQHVZYXH9EgXskYDlpbgNW6UvtsVxp8pEEFD8PxjZMnzq73Dx3NhAwNUrnVpb8KeZzHAtoSA==",
      "license": "MIT",
      "dependencies": {
        "@posthog/types": "^1.389.0"
      }
    },
    "node_modules/@posthog/types": {
      "version": "1.390.0",
      "resolved": "https://registry.npmjs.org/@posthog/types/-/types-1.390.0.tgz",
      "integrity": "sha512-zMjK6nrUWhAlL8ECrM4WldvgawqdoAE5B0ys7eA0lCoWuyzfFoSyh6zYtEuBSDRyN7fQLSfNCK+mQH4ngOl7Zw==",
      "license": "MIT"
    },
    "node_modules/@sentry-internal/browser-utils": {
      "version": "10.54.0",
      "resolved": "https://registry.npmjs.org/@sentry-internal/browser-utils/-/browser-utils-10.54.0.tgz",
      "integrity": "sha512-Cz6NzYFmWJlHh1tvtltKsmLl+1jlseQaPXk18Z0P1g6lXAwhT3aJ99x7vDm4jwCzcJ12qAa8Oga8T3C23Ihijw==",
      "license": "MIT",
      "dependencies": {
        "@sentry/core": "10.54.0"
      },
      "engines": {
        "node": ">=18"
      }
    },
    "node_modules/@sentry-internal/feedback": {
      "version": "10.54.0",
      "resolved": "https://registry.npmjs.org/@sentry-internal/feedback/-/feedback-10.54.0.tgz",
      "integrity": "sha512-14D+TPgi75zogGQ/EWwtIm34FVWP34gso4SfJZRAoHiQrRfd907q8/7MTXNItxi81x79cH9vweu/o55LBml6MA==",
      "license": "MIT",
      "dependencies": {
        "@sentry/core": "10.54.0"
      },
      "engines": {
        "node": ">=18"
      }
    },
    "node_modules/@sentry-internal/replay": {
      "version": "10.54.0",
      "resolved": "https://registry.npmjs.org/@sentry-internal/replay/-/replay-10.54.0.tgz",
      "integrity": "sha512-B7eicNhAomJ7bGihJO7mCw7pZ8FFo/THQgGPo85VR3FaJVCCot20WxVgvhjc7IVBQVlaaxSrnlUFvA+yHjszqQ==",
      "license": "MIT",
      "dependencies": {
        "@sentry-internal/browser-utils": "10.54.0",
        "@sentry/core": "10.54.0"
      },
      "engines": {
        "node": ">=18"
      }
    },
    "node_modules/@sentry-internal/replay-canvas": {
      "version": "10.54.0",
      "resolved": "https://registry.npmjs.org/@sentry-internal/replay-canvas/-/replay-canvas-10.54.0.tgz",
      "integrity": "sha512-CGsH019npxnU5cocVDoZKod7JaQtaM6JiR6e2fI8tDwssohJAxP616UQTmoTtBLe3yLG18P4e1BxMxYZFalZEQ==",
      "license": "MIT",
      "dependencies": {
        "@sentry-internal/replay": "10.54.0",
        "@sentry/core": "10.54.0"
      },
      "engines": {
        "node": ">=18"
      }
    },
    "node_modules/@sentry/browser": {
      "version": "10.54.0",
      "resolved": "https://registry.npmjs.org/@sentry/browser/-/browser-10.54.0.tgz",
      "integrity": "sha512-XYuAA2E4Hf6NOJiP3PqczPgBhFUEsEAh+avgxcYTjTwYdr+Nh5XmDxXATr6RxXUvRASTiYN9zNWyK2o9kEDloA==",
      "license": "MIT",
      "dependencies": {
        "@sentry-internal/browser-utils": "10.54.0",
        "@sentry-internal/feedback": "10.54.0",
        "@sentry-internal/replay": "10.54.0",
        "@sentry-internal/replay-canvas": "10.54.0",
        "@sentry/core": "10.54.0"
      },
      "engines": {
        "node": ">=18"
      }
    },
    "node_modules/@sentry/core": {
      "version": "10.54.0",
      "resolved": "https://registry.npmjs.org/@sentry/core/-/core-10.54.0.tgz",
      "integrity": "sha512-yC/bc8N5ut6vk9X/ugTnIFAbzaSZ2uGoKiHRGzt7VseDIrjXk5ENDJP0m7Rbchuozr41kBv2QB3mPcHUhfB43w==",
      "license": "MIT",
      "engines": {
        "node": ">=18"
      }
    },
    "node_modules/@types/trusted-types": {
      "version": "2.0.7",
      "resolved": "https://registry.npmjs.org/@types/trusted-types/-/trusted-types-2.0.7.tgz",
      "integrity": "sha512-ScaPdn1dQczgbl0QFTeTOmVHFULt394XJgOQNoyVhZ6r2vLnMLJfBPd53SB52T/3G36VI1/g2MZaX0cwDuXsfw==",
      "license": "MIT",
      "optional": true
    },
    "node_modules/core-js": {
      "version": "3.49.0",
      "resolved": "https://registry.npmjs.org/core-js/-/core-js-3.49.0.tgz",
      "integrity": "sha512-es1U2+YTtzpwkxVLwAFdSpaIMyQaq0PBgm3YD1W3Qpsn1NAmO3KSgZfu+oGSWVu6NvLHoHCV/aYcsE5wiB7ALg==",
      "hasInstallScript": true,
      "license": "MIT",
      "funding": {
        "type": "opencollective",
        "url": "https://opencollective.com/core-js"
      }
    },
    "node_modules/dompurify": {
      "version": "3.4.11",
      "resolved": "https://registry.npmjs.org/dompurify/-/dompurify-3.4.11.tgz",
      "integrity": "sha512-zhlUV12GsaRzMsf9q5M254YhA4+VuF0fG+QFqu6aYpoGlKtz+w8//jBcGVYBgQkR5GHjUomejY84AV+/uPbWdw==",
      "license": "(MPL-2.0 OR Apache-2.0)",
      "optionalDependencies": {
        "@types/trusted-types": "^2.0.7"
      }
    },
    "node_modules/fflate": {
      "version": "0.4.8",
      "resolved": "https://registry.npmjs.org/fflate/-/fflate-0.4.8.tgz",
      "integrity": "sha512-FJqqoDBR00Mdj9ppamLa/Y7vxm+PRmNWA67N846RvsoYVMKB4q3y/de5PA7gUmRMYK/8CMz2GDZQmCRN1wBcWA==",
      "license": "MIT"
    },
    "node_modules/posthog-js": {
      "version": "1.390.2",
      "resolved": "https://registry.npmjs.org/posthog-js/-/posthog-js-1.390.2.tgz",
      "integrity": "sha512-z1zh0mMokecCILXxabmo5Xag6uCVYEDhP2JnMYLNxwmKN7d7u1S94XYmhUTF3iyAo2JOg6c7n86mGaTXliz4MA==",
      "license": "SEE LICENSE IN LICENSE",
      "dependencies": {
        "@posthog/core": "^1.35.1",
        "@posthog/types": "^1.390.0",
        "core-js": "^3.38.1",
        "dompurify": "^3.3.2",
        "fflate": "^0.4.8",
        "preact": "^10.28.2",
        "query-selector-shadow-dom": "^1.0.1",
        "web-vitals": "^5.1.0"
      }
    },
    "node_modules/preact": {
      "version": "10.29.2",
      "resolved": "https://registry.npmjs.org/preact/-/preact-10.29.2.tgz",
      "integrity": "sha512-7tNmwg/7mzzAoB/8kSg6Hl37JraAZw3Z3A0JSY7VXlZwo82Xn0G7wKbNNs2qoF4ZEEsQGTwDAroNdqKs1ofJxQ==",
      "license": "MIT",
      "funding": {
        "type": "opencollective",
        "url": "https://opencollective.com/preact"
      }
    },
    "node_modules/query-selector-shadow-dom": {
      "version": "1.0.1",
      "resolved": "https://registry.npmjs.org/query-selector-shadow-dom/-/query-selector-shadow-dom-1.0.1.tgz",
      "integrity": "sha512-lT5yCqEBgfoMYpf3F2xQRK7zEr1rhIIZuceDK6+xRkJQ4NMbHTwXqk4NkwDwQMNqXgG9r9fyHnzwNVs6zV5KRw==",
      "license": "MIT"
    },
    "node_modules/tailwindcss": {
      "version": "4.3.0",
      "resolved": "https://registry.npmjs.org/tailwindcss/-/tailwindcss-4.3.0.tgz",
      "integrity": "sha512-y6nxMGB1nMW9R6k96e5gdIFzcfL/gTJRNaqGes1YvkLnPVXzWgbqFF2yLC0T8G774n24cx3Pe8XrKoniCOAH+Q==",
      "license": "MIT"
    },
    "node_modules/web-vitals": {
      "version": "5.2.0",
      "resolved": "https://registry.npmjs.org/web-vitals/-/web-vitals-5.2.0.tgz",
      "integrity": "sha512-i2z98bEmaCqSDiHEDu+gHl/dmR4Q+TxFmG3/13KkMO+o8UxQzCqWaDRCiLgEa41nlO4VpXSI0ASa1xWmO9sBlA==",
      "license": "Apache-2.0"
    },
    "node_modules/zod": {
      "version": "4.4.3",
      "resolved": "https://registry.npmjs.org/zod/-/zod-4.4.3.tgz",
      "integrity": "sha512-ytENFjIJFl2UwYglde2jchW2Hwm4GJFLDiSXWdTrJQBIN9Fcyp7n4DhxJEiWNAJMV1/BqWfW/kkg71UDcHJyTQ==",
      "license": "MIT",
      "funding": {
        "url": "https://github.com/sponsors/colinhacks"
      }
    }
  }
}
